
Microsoft Visual Studio Solution File, Format Version 12.00
# Visual Studio Version 16
VisualStudioVersion = 16.0.31112.23
MinimumVisualStudioVersion = 10.0.40219.1
Project("{FAE04EC0-301F-11D3-BF4B-00C04F79EFBC}") = "Actividad_evaluada_1", "Actividad_evaluada_1\Actividad_evaluada_1.csproj", "{8B99404D-DE08-4B47-B544-7178B6E4F0B2}"
EndProject
Project("{FAE04EC0-301F-11D3-BF4B-00C04F79EFBC}") = "UIFORM", "UIFORM\UIFORM.csproj", "{541ABCF4-44F2-4A55-9FAD-245ADD9A0658}"
EndProject
Global
	GlobalSection(SolutionConfigurationPlatforms) = preSolution
		Debug|Any CPU = Debug|Any CPU
		Release|Any CPU = Release|Any CPU
	EndGlobalSection
	GlobalSection(ProjectConfigurationPlatforms) = postSolution
		{8B99404D-DE08-4B47-B544-7178B6E4F0B2}.Debug|Any CPU.ActiveCfg = Debug|Any CPU
		{8B99404D-DE08-4B47-B544-7178B6E4F0B2}.Debug|Any CPU.Build.0 = Debug|Any CPU
		{8B99404D-DE08-4B47-B544-7178B6E4F0B2}.Release|Any CPU.ActiveCfg = Release|Any CPU
		{8B99404D-DE08-4B47-B544-7178B6E4F0B2}.Release|Any CPU.Build.0 = Release|Any CPU
		{541ABCF4-44F2-4A55-9FAD-245ADD9A0658}.Debug|Any CPU.ActiveCfg = Debug|Any CPU
		{541ABCF4-44F2-4A55-9FAD-245ADD9A0658}.Debug|Any CPU.Build.0 = Debug|Any CPU
		{541ABCF4-44F2-4A55-9FAD-245ADD9A0658}.Release|Any CPU.ActiveCfg = Release|Any CPU
		{541ABCF4-44F2-4A55-9FAD-245ADD9A0658}.Release|Any CPU.Build.0 = Release|Any CPU
	EndGlobalSection
	GlobalSection(SolutionProperties) = preSolution
		HideSolutionNode = FALSE
	EndGlobalSection
	GlobalSection(ExtensibilityGlobals) = postSolution
		SolutionGuid = {2F14AA1D-3B8B-462F-9865-EAE34A4A9B9D}
	EndGlobalSection
EndGlobal
